
Microsoft Visual Studio Solution File, Format Version 12.00
# Visual Studio Version 17
VisualStudioVersion = 17.10.34916.146
MinimumVisualStudioVersion = 10.0.40219.1
Project("{8BC9CEB8-8B4A-11D0-8D11-00A0C91BC942}") = "RedTeamNote", "RedTeamNote\RedTeamNote.vcxproj", "{051FEAD8-3888-42E2-BAB5-6BECAC99CEBC}"
EndProject
Project("{9A19103F-16F7-4668-BE54-9A1E7A4F7556}") = "ClassLibrary1", "ClassLibrary1\ClassLibrary1.csproj", "{8B1FB4A6-ACC4-4583-AC1B-C937F763ADE9}"
EndProject
Project("{9A19103F-16F7-4668-BE54-9A1E7A4F7556}") = "Managed", "Managed\Managed.csproj", "{36899491-989B-4D31-B18C-D4BED6D2F352}"
EndProject
Project("{8BC9CEB8-8B4A-11D0-8D11-00A0C91BC942}") = "Project2", "AnotherExemple\Project2.vcxproj", "{041B6946-4340-4A46-94AD-C6C4E84B4685}"
EndProject
Global
	GlobalSection(SolutionConfigurationPlatforms) = preSolution
		Debug|Any CPU = Debug|Any CPU
		Debug|x64 = Debug|x64
		Debug|x86 = Debug|x86
		Release|Any CPU = Release|Any CPU
		Release|x64 = Release|x64
		Release|x86 = Release|x86
	EndGlobalSection
	GlobalSection(ProjectConfigurationPlatforms) = postSolution
		{051FEAD8-3888-42E2-BAB5-6BECAC99CEBC}.Debug|Any CPU.ActiveCfg = Debug|x64
		{051FEAD8-3888-42E2-BAB5-6BECAC99CEBC}.Debug|Any CPU.Build.0 = Debug|x64
		{051FEAD8-3888-42E2-BAB5-6BECAC99CEBC}.Debug|x64.ActiveCfg = Debug|x64
		{051FEAD8-3888-42E2-BAB5-6BECAC99CEBC}.Debug|x64.Build.0 = Debug|x64
		{051FEAD8-3888-42E2-BAB5-6BECAC99CEBC}.Debug|x86.ActiveCfg = Debug|Win32
		{051FEAD8-3888-42E2-BAB5-6BECAC99CEBC}.Debug|x86.Build.0 = Debug|Win32
		{051FEAD8-3888-42E2-BAB5-6BECAC99CEBC}.Release|Any CPU.ActiveCfg = Release|x64
		{051FEAD8-3888-42E2-BAB5-6BECAC99CEBC}.Release|Any CPU.Build.0 = Release|x64
		{051FEAD8-3888-42E2-BAB5-6BECAC99CEBC}.Release|x64.ActiveCfg = Release|x64
		{051FEAD8-3888-42E2-BAB5-6BECAC99CEBC}.Release|x64.Build.0 = Release|x64
		{051FEAD8-3888-42E2-BAB5-6BECAC99CEBC}.Release|x86.ActiveCfg = Release|Win32
		{051FEAD8-3888-42E2-BAB5-6BECAC99CEBC}.Release|x86.Build.0 = Release|Win32
		{8B1FB4A6-ACC4-4583-AC1B-C937F763ADE9}.Debug|Any CPU.ActiveCfg = Debug|Any CPU
		{8B1FB4A6-ACC4-4583-AC1B-C937F763ADE9}.Debug|Any CPU.Build.0 = Debug|Any CPU
		{8B1FB4A6-ACC4-4583-AC1B-C937F763ADE9}.Debug|x64.ActiveCfg = Debug|Any CPU
		{8B1FB4A6-ACC4-4583-AC1B-C937F763ADE9}.Debug|x64.Build.0 = Debug|Any CPU
		{8B1FB4A6-ACC4-4583-AC1B-C937F763ADE9}.Debug|x86.ActiveCfg = Debug|Any CPU
		{8B1FB4A6-ACC4-4583-AC1B-C937F763ADE9}.Debug|x86.Build.0 = Debug|Any CPU
		{8B1FB4A6-ACC4-4583-AC1B-C937F763ADE9}.Release|Any CPU.ActiveCfg = Release|Any CPU
		{8B1FB4A6-ACC4-4583-AC1B-C937F763ADE9}.Release|Any CPU.Build.0 = Release|Any CPU
		{8B1FB4A6-ACC4-4583-AC1B-C937F763ADE9}.Release|x64.ActiveCfg = Release|Any CPU
		{8B1FB4A6-ACC4-4583-AC1B-C937F763ADE9}.Release|x64.Build.0 = Release|Any CPU
		{8B1FB4A6-ACC4-4583-AC1B-C937F763ADE9}.Release|x86.ActiveCfg = Release|Any CPU
		{8B1FB4A6-ACC4-4583-AC1B-C937F763ADE9}.Release|x86.Build.0 = Release|Any CPU
		{36899491-989B-4D31-B18C-D4BED6D2F352}.Debug|Any CPU.ActiveCfg = Debug|Any CPU
		{36899491-989B-4D31-B18C-D4BED6D2F352}.Debug|Any CPU.Build.0 = Debug|Any CPU
		{36899491-989B-4D31-B18C-D4BED6D2F352}.Debug|x64.ActiveCfg = Debug|Any CPU
		{36899491-989B-4D31-B18C-D4BED6D2F352}.Debug|x64.Build.0 = Debug|Any CPU
		{36899491-989B-4D31-B18C-D4BED6D2F352}.Debug|x86.ActiveCfg = Debug|Any CPU
		{36899491-989B-4D31-B18C-D4BED6D2F352}.Debug|x86.Build.0 = Debug|Any CPU
		{36899491-989B-4D31-B18C-D4BED6D2F352}.Release|Any CPU.ActiveCfg = Release|Any CPU
		{36899491-989B-4D31-B18C-D4BED6D2F352}.Release|Any CPU.Build.0 = Release|Any CPU
		{36899491-989B-4D31-B18C-D4BED6D2F352}.Release|x64.ActiveCfg = Release|Any CPU
		{36899491-989B-4D31-B18C-D4BED6D2F352}.Release|x64.Build.0 = Release|Any CPU
		{36899491-989B-4D31-B18C-D4BED6D2F352}.Release|x86.ActiveCfg = Release|Any CPU
		{36899491-989B-4D31-B18C-D4BED6D2F352}.Release|x86.Build.0 = Release|Any CPU
		{041B6946-4340-4A46-94AD-C6C4E84B4685}.Debug|Any CPU.ActiveCfg = Debug|x64
		{041B6946-4340-4A46-94AD-C6C4E84B4685}.Debug|Any CPU.Build.0 = Debug|x64
		{041B6946-4340-4A46-94AD-C6C4E84B4685}.Debug|x64.ActiveCfg = Debug|x64
		{041B6946-4340-4A46-94AD-C6C4E84B4685}.Debug|x64.Build.0 = Debug|x64
		{041B6946-4340-4A46-94AD-C6C4E84B4685}.Debug|x86.ActiveCfg = Debug|Win32
		{041B6946-4340-4A46-94AD-C6C4E84B4685}.Debug|x86.Build.0 = Debug|Win32
		{041B6946-4340-4A46-94AD-C6C4E84B4685}.Release|Any CPU.ActiveCfg = Release|x64
		{041B6946-4340-4A46-94AD-C6C4E84B4685}.Release|Any CPU.Build.0 = Release|x64
		{041B6946-4340-4A46-94AD-C6C4E84B4685}.Release|x64.ActiveCfg = Release|x64
		{041B6946-4340-4A46-94AD-C6C4E84B4685}.Release|x64.Build.0 = Release|x64
		{041B6946-4340-4A46-94AD-C6C4E84B4685}.Release|x86.ActiveCfg = Release|Win32
		{041B6946-4340-4A46-94AD-C6C4E84B4685}.Release|x86.Build.0 = Release|Win32
	EndGlobalSection
	GlobalSection(SolutionProperties) = preSolution
		HideSolutionNode = FALSE
	EndGlobalSection
	GlobalSection(ExtensibilityGlobals) = postSolution
		SolutionGuid = {3029FB3E-1F62-465C-9D6E-DEA4B590BEED}
	EndGlobalSection
EndGlobal
